
Microsoft Visual Studio Solution File, Format Version 12.00
# Visual Studio 15
VisualStudioVersion = 15.0.28307.1062
MinimumVisualStudioVersion = 10.0.40219.1
Project("{FAE04EC0-301F-11D3-BF4B-00C04F79EFBC}") = "JopAppFinal", "JopAppFinal\JopAppFinal.csproj", "{43676BCC-2BE4-47C5-9B44-DF7C5ADD02D1}"
EndProject
Project("{FAE04EC0-301F-11D3-BF4B-00C04F79EFBC}") = "JobBoard.DATA.EF", "JobBoard.DATA.EF\JobBoard.DATA.EF.csproj", "{9601B729-9139-4BA0-BFC8-3071CFC6DEF1}"
EndProject
Global
	GlobalSection(SolutionConfigurationPlatforms) = preSolution
		Debug|Any CPU = Debug|Any CPU
		Release|Any CPU = Release|Any CPU
	EndGlobalSection
	GlobalSection(ProjectConfigurationPlatforms) = postSolution
		{43676BCC-2BE4-47C5-9B44-DF7C5ADD02D1}.Debug|Any CPU.ActiveCfg = Debug|Any CPU
		{43676BCC-2BE4-47C5-9B44-DF7C5ADD02D1}.Debug|Any CPU.Build.0 = Debug|Any CPU
		{43676BCC-2BE4-47C5-9B44-DF7C5ADD02D1}.Release|Any CPU.ActiveCfg = Release|Any CPU
		{43676BCC-2BE4-47C5-9B44-DF7C5ADD02D1}.Release|Any CPU.Build.0 = Release|Any CPU
		{9601B729-9139-4BA0-BFC8-3071CFC6DEF1}.Debug|Any CPU.ActiveCfg = Debug|Any CPU
		{9601B729-9139-4BA0-BFC8-3071CFC6DEF1}.Debug|Any CPU.Build.0 = Debug|Any CPU
		{9601B729-9139-4BA0-BFC8-3071CFC6DEF1}.Release|Any CPU.ActiveCfg = Release|Any CPU
		{9601B729-9139-4BA0-BFC8-3071CFC6DEF1}.Release|Any CPU.Build.0 = Release|Any CPU
	EndGlobalSection
	GlobalSection(SolutionProperties) = preSolution
		HideSolutionNode = FALSE
	EndGlobalSection
	GlobalSection(ExtensibilityGlobals) = postSolution
		SolutionGuid = {5AEB40E2-2A63-426B-BB59-216C91171512}
	EndGlobalSection
EndGlobal
